// !$*UTF8*$!
{
	archiveVersion = 1;
	classes = {
	};
	objectVersion = 51;
	objects = {

/* Begin PBXBuildFile section */
		3BA8AF80989CCA613B479948 /* Pods_RxShopTests.framework in Frameworks */ = {isa = PBXBuildFile; fileRef = E7FE63B05B773A87258F105E /* Pods_RxShopTests.framework */; };
		D014ADC4D50B074A4751B4DB /* Pods_RxShop.framework in Frameworks */ = {isa = PBXBuildFile; fileRef = 8992105363D4D9BF6C1F9C72 /* Pods_RxShop.framework */; };
		F328532225C065150054A73D /* UITextField+RxHelpers.swift in Sources */ = {isa = PBXBuildFile; fileRef = F328532125C065150054A73D /* UITextField+RxHelpers.swift */; };
		F328532725C065720054A73D /* UIButton+RxHelpers.swift in Sources */ = {isa = PBXBuildFile; fileRef = F328532625C065720054A73D /* UIButton+RxHelpers.swift */; };
		F328533725C0ADBE0054A73D /* Result.swift in Sources */ = {isa = PBXBuildFile; fileRef = F328533625C0ADBE0054A73D /* Result.swift */; };
		F346609125C2C6D600517263 /* UIViewController+Errors.swift in Sources */ = {isa = PBXBuildFile; fileRef = F346609025C2C6D600517263 /* UIViewController+Errors.swift */; };
		F37850BF25B224E600099AA7 /* CreateAccountViewController.swift in Sources */ = {isa = PBXBuildFile; fileRef = F37850BE25B224E600099AA7 /* CreateAccountViewController.swift */; };
		F37850C725B2252F00099AA7 /* CreateAccountViewModel.swift in Sources */ = {isa = PBXBuildFile; fileRef = F37850C625B2252F00099AA7 /* CreateAccountViewModel.swift */; };
		F37850CC25B2254F00099AA7 /* CreatePasswordViewController.swift in Sources */ = {isa = PBXBuildFile; fileRef = F37850CB25B2254F00099AA7 /* CreatePasswordViewController.swift */; };
		F37850D125B2256100099AA7 /* CreatePasswordViewModel.swift in Sources */ = {isa = PBXBuildFile; fileRef = F37850D025B2256100099AA7 /* CreatePasswordViewModel.swift */; };
		F37850D625B2258100099AA7 /* SignInViewController.swift in Sources */ = {isa = PBXBuildFile; fileRef = F37850D525B2258100099AA7 /* SignInViewController.swift */; };
		F37850DB25B2258F00099AA7 /* SignInViewModel.swift in Sources */ = {isa = PBXBuildFile; fileRef = F37850DA25B2258F00099AA7 /* SignInViewModel.swift */; };
		F37850E025B225CA00099AA7 /* Landing.storyboard in Resources */ = {isa = PBXBuildFile; fileRef = F37850DF25B225CA00099AA7 /* Landing.storyboard */; };
		F37850E525B225E000099AA7 /* SignUp.storyboard in Resources */ = {isa = PBXBuildFile; fileRef = F37850E425B225E000099AA7 /* SignUp.storyboard */; };
		F37850EA25B225F200099AA7 /* SignIn.storyboard in Resources */ = {isa = PBXBuildFile; fileRef = F37850E925B225F200099AA7 /* SignIn.storyboard */; };
		F3BE72C725B889BB008FB01F /* AuthRequests.swift in Sources */ = {isa = PBXBuildFile; fileRef = F3BE72C625B889BB008FB01F /* AuthRequests.swift */; };
		F3BE72CF25B893DA008FB01F /* LandingFlow.swift in Sources */ = {isa = PBXBuildFile; fileRef = F3BE72CE25B893DA008FB01F /* LandingFlow.swift */; };
		F3C4A5A725B22EB5002FDAFE /* Storyboarded.swift in Sources */ = {isa = PBXBuildFile; fileRef = F3C4A5A625B22EB4002FDAFE /* Storyboarded.swift */; };
		F3C4A5AD25B22FF8002FDAFE /* Storyboard.swift in Sources */ = {isa = PBXBuildFile; fileRef = F3C4A5AC25B22FF8002FDAFE /* Storyboard.swift */; };
		F3C4A5C325B5ECDB002FDAFE /* HasViewModel.swift in Sources */ = {isa = PBXBuildFile; fileRef = F3C4A5C225B5ECDB002FDAFE /* HasViewModel.swift */; };
		F3C4A5D125B5EF6D002FDAFE /* LandingCoordinator.swift in Sources */ = {isa = PBXBuildFile; fileRef = F3C4A5D025B5EF6D002FDAFE /* LandingCoordinator.swift */; };
		F3C4A5D725B5F113002FDAFE /* User.swift in Sources */ = {isa = PBXBuildFile; fileRef = F3C4A5D625B5F113002FDAFE /* User.swift */; };
		F3C4A5DC25B5F4A8002FDAFE /* AuthCache.swift in Sources */ = {isa = PBXBuildFile; fileRef = F3C4A5DB25B5F4A8002FDAFE /* AuthCache.swift */; };
		F3C4A5ED25B62D57002FDAFE /* AsVoid.swift in Sources */ = {isa = PBXBuildFile; fileRef = F3C4A5EC25B62D57002FDAFE /* AsVoid.swift */; };
		F3C4A60425B70938002FDAFE /* Requests.swift in Sources */ = {isa = PBXBuildFile; fileRef = F3C4A60325B70938002FDAFE /* Requests.swift */; };
		F3CEEE4C25BAEDEB00025635 /* UIResponder+Scene.swift in Sources */ = {isa = PBXBuildFile; fileRef = F3CEEE4B25BAEDEB00025635 /* UIResponder+Scene.swift */; };
		F3D75B1225AE36DD0069862E /* AppDelegate.swift in Sources */ = {isa = PBXBuildFile; fileRef = F3D75B1125AE36DD0069862E /* AppDelegate.swift */; };
		F3D75B1425AE36DD0069862E /* SceneDelegate.swift in Sources */ = {isa = PBXBuildFile; fileRef = F3D75B1325AE36DD0069862E /* SceneDelegate.swift */; };
		F3D75B1B25AE36E00069862E /* Assets.xcassets in Resources */ = {isa = PBXBuildFile; fileRef = F3D75B1A25AE36E00069862E /* Assets.xcassets */; };
		F3D75B1E25AE36E00069862E /* LaunchScreen.storyboard in Resources */ = {isa = PBXBuildFile; fileRef = F3D75B1C25AE36E00069862E /* LaunchScreen.storyboard */; };
		F3D75B2925AE36E00069862E /* RxShopTests.swift in Sources */ = {isa = PBXBuildFile; fileRef = F3D75B2825AE36E00069862E /* RxShopTests.swift */; };
		F3D75B3425AE36E00069862E /* RxShopUITests.swift in Sources */ = {isa = PBXBuildFile; fileRef = F3D75B3325AE36E00069862E /* RxShopUITests.swift */; };
		F3D75B5D25AE3B930069862E /* LandingViewController.swift in Sources */ = {isa = PBXBuildFile; fileRef = F3D75B5C25AE3B930069862E /* LandingViewController.swift */; };
		F3D75B6225AE3BA60069862E /* LandingViewModel.swift in Sources */ = {isa = PBXBuildFile; fileRef = F3D75B6125AE3BA60069862E /* LandingViewModel.swift */; };
		F3D75B6925AE3D330069862E /* TabsCoordinator.swift in Sources */ = {isa = PBXBuildFile; fileRef = F3D75B6825AE3D330069862E /* TabsCoordinator.swift */; };
		F3DF9E0425BCB47E00522732 /* SignUpCoordinator.swift in Sources */ = {isa = PBXBuildFile; fileRef = F3DF9E0325BCB47E00522732 /* SignUpCoordinator.swift */; };
		F3DF9E0925BCB48E00522732 /* SignUpFlow.swift in Sources */ = {isa = PBXBuildFile; fileRef = F3DF9E0825BCB48E00522732 /* SignUpFlow.swift */; };
		F3EC865025BC8005002FDC4B /* LandingFlowTests.swift in Sources */ = {isa = PBXBuildFile; fileRef = F3EC864F25BC8005002FDC4B /* LandingFlowTests.swift */; };
/* End PBXBuildFile section */

/* Begin PBXContainerItemProxy section */
		F3D75B2525AE36E00069862E /* PBXContainerItemProxy */ = {
			isa = PBXContainerItemProxy;
			containerPortal = F3D75B0625AE36DD0069862E /* Project object */;
			proxyType = 1;
			remoteGlobalIDString = F3D75B0D25AE36DD0069862E;
			remoteInfo = RxShop;
		};
		F3D75B3025AE36E00069862E /* PBXContainerItemProxy */ = {
			isa = PBXContainerItemProxy;
			containerPortal = F3D75B0625AE36DD0069862E /* Project object */;
			proxyType = 1;
			remoteGlobalIDString = F3D75B0D25AE36DD0069862E;
			remoteInfo = RxShop;
		};
/* End PBXContainerItemProxy section */

/* Begin PBXFileReference section */
		09126B80CB7645E5F75D78AD /* Pods-RxShop.debug.xcconfig */ = {isa = PBXFileReference; includeInIndex = 1; lastKnownFileType = text.xcconfig; name = "Pods-RxShop.debug.xcconfig"; path = "Target Support Files/Pods-RxShop/Pods-RxShop.debug.xcconfig"; sourceTree = "<group>"; };
		11B551DC0569EA8FB8A00F47 /* Pods-RxShopTests.debug.xcconfig */ = {isa = PBXFileReference; includeInIndex = 1; lastKnownFileType = text.xcconfig; name = "Pods-RxShopTests.debug.xcconfig"; path = "Target Support Files/Pods-RxShopTests/Pods-RxShopTests.debug.xcconfig"; sourceTree = "<group>"; };
		8992105363D4D9BF6C1F9C72 /* Pods_RxShop.framework */ = {isa = PBXFileReference; explicitFileType = wrapper.framework; includeInIndex = 0; path = Pods_RxShop.framework; sourceTree = BUILT_PRODUCTS_DIR; };
		CA1B2AB9BEE17474502AD44F /* Pods-RxShopTests.release.xcconfig */ = {isa = PBXFileReference; includeInIndex = 1; lastKnownFileType = text.xcconfig; name = "Pods-RxShopTests.release.xcconfig"; path = "Target Support Files/Pods-RxShopTests/Pods-RxShopTests.release.xcconfig"; sourceTree = "<group>"; };
		DFBBD6E89AA29394A713A5D3 /* Pods-RxShop.release.xcconfig */ = {isa = PBXFileReference; includeInIndex = 1; lastKnownFileType = text.xcconfig; name = "Pods-RxShop.release.xcconfig"; path = "Target Support Files/Pods-RxShop/Pods-RxShop.release.xcconfig"; sourceTree = "<group>"; };
		E7FE63B05B773A87258F105E /* Pods_RxShopTests.framework */ = {isa = PBXFileReference; explicitFileType = wrapper.framework; includeInIndex = 0; path = Pods_RxShopTests.framework; sourceTree = BUILT_PRODUCTS_DIR; };
		F328532125C065150054A73D /* UITextField+RxHelpers.swift */ = {isa = PBXFileReference; lastKnownFileType = sourcecode.swift; path = "UITextField+RxHelpers.swift"; sourceTree = "<group>"; };
		F328532625C065720054A73D /* UIButton+RxHelpers.swift */ = {isa = PBXFileReference; lastKnownFileType = sourcecode.swift; path = "UIButton+RxHelpers.swift"; sourceTree = "<group>"; };
		F328533625C0ADBE0054A73D /* Result.swift */ = {isa = PBXFileReference; lastKnownFileType = sourcecode.swift; path = Result.swift; sourceTree = "<group>"; };
		F346609025C2C6D600517263 /* UIViewController+Errors.swift */ = {isa = PBXFileReference; lastKnownFileType = sourcecode.swift; path = "UIViewController+Errors.swift"; sourceTree = "<group>"; };
		F37850BE25B224E600099AA7 /* CreateAccountViewController.swift */ = {isa = PBXFileReference; lastKnownFileType = sourcecode.swift; path = CreateAccountViewController.swift; sourceTree = "<group>"; };
		F37850C625B2252F00099AA7 /* CreateAccountViewModel.swift */ = {isa = PBXFileReference; lastKnownFileType = sourcecode.swift; path = CreateAccountViewModel.swift; sourceTree = "<group>"; };
		F37850CB25B2254F00099AA7 /* CreatePasswordViewController.swift */ = {isa = PBXFileReference; lastKnownFileType = sourcecode.swift; path = CreatePasswordViewController.swift; sourceTree = "<group>"; };
		F37850D025B2256100099AA7 /* CreatePasswordViewModel.swift */ = {isa = PBXFileReference; lastKnownFileType = sourcecode.swift; path = CreatePasswordViewModel.swift; sourceTree = "<group>"; };
		F37850D525B2258100099AA7 /* SignInViewController.swift */ = {isa = PBXFileReference; lastKnownFileType = sourcecode.swift; path = SignInViewController.swift; sourceTree = "<group>"; };
		F37850DA25B2258F00099AA7 /* SignInViewModel.swift */ = {isa = PBXFileReference; lastKnownFileType = sourcecode.swift; path = SignInViewModel.swift; sourceTree = "<group>"; };
		F37850DF25B225CA00099AA7 /* Landing.storyboard */ = {isa = PBXFileReference; lastKnownFileType = file.storyboard; path = Landing.storyboard; sourceTree = "<group>"; };
		F37850E425B225E000099AA7 /* SignUp.storyboard */ = {isa = PBXFileReference; lastKnownFileType = file.storyboard; path = SignUp.storyboard; sourceTree = "<group>"; };
		F37850E925B225F200099AA7 /* SignIn.storyboard */ = {isa = PBXFileReference; lastKnownFileType = file.storyboard; path = SignIn.storyboard; sourceTree = "<group>"; };
		F3BE72C625B889BB008FB01F /* AuthRequests.swift */ = {isa = PBXFileReference; lastKnownFileType = sourcecode.swift; path = AuthRequests.swift; sourceTree = "<group>"; };
		F3BE72CE25B893DA008FB01F /* LandingFlow.swift */ = {isa = PBXFileReference; lastKnownFileType = sourcecode.swift; path = LandingFlow.swift; sourceTree = "<group>"; };
		F3C4A5A625B22EB4002FDAFE /* Storyboarded.swift */ = {isa = PBXFileReference; lastKnownFileType = sourcecode.swift; path = Storyboarded.swift; sourceTree = "<group>"; };
		F3C4A5AC25B22FF8002FDAFE /* Storyboard.swift */ = {isa = PBXFileReference; lastKnownFileType = sourcecode.swift; path = Storyboard.swift; sourceTree = "<group>"; };
		F3C4A5C225B5ECDB002FDAFE /* HasViewModel.swift */ = {isa = PBXFileReference; lastKnownFileType = sourcecode.swift; path = HasViewModel.swift; sourceTree = "<group>"; };
		F3C4A5D025B5EF6D002FDAFE /* LandingCoordinator.swift */ = {isa = PBXFileReference; lastKnownFileType = sourcecode.swift; path = LandingCoordinator.swift; sourceTree = "<group>"; };
		F3C4A5D625B5F113002FDAFE /* User.swift */ = {isa = PBXFileReference; lastKnownFileType = sourcecode.swift; path = User.swift; sourceTree = "<group>"; };
		F3C4A5DB25B5F4A8002FDAFE /* AuthCache.swift */ = {isa = PBXFileReference; lastKnownFileType = sourcecode.swift; path = AuthCache.swift; sourceTree = "<group>"; };
		F3C4A5EC25B62D57002FDAFE /* AsVoid.swift */ = {isa = PBXFileReference; lastKnownFileType = sourcecode.swift; path = AsVoid.swift; sourceTree = "<group>"; };
		F3C4A60325B70938002FDAFE /* Requests.swift */ = {isa = PBXFileReference; lastKnownFileType = sourcecode.swift; path = Requests.swift; sourceTree = "<group>"; };
		F3CEEE4B25BAEDEB00025635 /* UIResponder+Scene.swift */ = {isa = PBXFileReference; lastKnownFileType = sourcecode.swift; path = "UIResponder+Scene.swift"; sourceTree = "<group>"; };
		F3D75B0E25AE36DD0069862E /* RxShop.app */ = {isa = PBXFileReference; explicitFileType = wrapper.application; includeInIndex = 0; path = RxShop.app; sourceTree = BUILT_PRODUCTS_DIR; };
		F3D75B1125AE36DD0069862E /* AppDelegate.swift */ = {isa = PBXFileReference; lastKnownFileType = sourcecode.swift; path = AppDelegate.swift; sourceTree = "<group>"; };
		F3D75B1325AE36DD0069862E /* SceneDelegate.swift */ = {isa = PBXFileReference; lastKnownFileType = sourcecode.swift; path = SceneDelegate.swift; sourceTree = "<group>"; };
		F3D75B1A25AE36E00069862E /* Assets.xcassets */ = {isa = PBXFileReference; lastKnownFileType = folder.assetcatalog; path = Assets.xcassets; sourceTree = "<group>"; };
		F3D75B1D25AE36E00069862E /* Base */ = {isa = PBXFileReference; lastKnownFileType = file.storyboard; name = Base; path = Base.lproj/LaunchScreen.storyboard; sourceTree = "<group>"; };
		F3D75B1F25AE36E00069862E /* Info.plist */ = {isa = PBXFileReference; lastKnownFileType = text.plist.xml; path = Info.plist; sourceTree = "<group>"; };
		F3D75B2425AE36E00069862E /* RxShopTests.xctest */ = {isa = PBXFileReference; explicitFileType = wrapper.cfbundle; includeInIndex = 0; path = RxShopTests.xctest; sourceTree = BUILT_PRODUCTS_DIR; };
		F3D75B2825AE36E00069862E /* RxShopTests.swift */ = {isa = PBXFileReference; lastKnownFileType = sourcecode.swift; path = RxShopTests.swift; sourceTree = "<group>"; };
		F3D75B2A25AE36E00069862E /* Info.plist */ = {isa = PBXFileReference; lastKnownFileType = text.plist.xml; path = Info.plist; sourceTree = "<group>"; };
		F3D75B2F25AE36E00069862E /* RxShopUITests.xctest */ = {isa = PBXFileReference; explicitFileType = wrapper.cfbundle; includeInIndex = 0; path = RxShopUITests.xctest; sourceTree = BUILT_PRODUCTS_DIR; };
		F3D75B3325AE36E00069862E /* RxShopUITests.swift */ = {isa = PBXFileReference; lastKnownFileType = sourcecode.swift; path = RxShopUITests.swift; sourceTree = "<group>"; };
		F3D75B3525AE36E00069862E /* Info.plist */ = {isa = PBXFileReference; lastKnownFileType = text.plist.xml; path = Info.plist; sourceTree = "<group>"; };
		F3D75B5C25AE3B930069862E /* LandingViewController.swift */ = {isa = PBXFileReference; lastKnownFileType = sourcecode.swift; path = LandingViewController.swift; sourceTree = "<group>"; };
		F3D75B6125AE3BA60069862E /* LandingViewModel.swift */ = {isa = PBXFileReference; lastKnownFileType = sourcecode.swift; path = LandingViewModel.swift; sourceTree = "<group>"; };
		F3D75B6825AE3D330069862E /* TabsCoordinator.swift */ = {isa = PBXFileReference; lastKnownFileType = sourcecode.swift; path = TabsCoordinator.swift; sourceTree = "<group>"; };
		F3DF9E0325BCB47E00522732 /* SignUpCoordinator.swift */ = {isa = PBXFileReference; lastKnownFileType = sourcecode.swift; path = SignUpCoordinator.swift; sourceTree = "<group>"; };
		F3DF9E0825BCB48E00522732 /* SignUpFlow.swift */ = {isa = PBXFileReference; lastKnownFileType = sourcecode.swift; path = SignUpFlow.swift; sourceTree = "<group>"; };
		F3EC864F25BC8005002FDC4B /* LandingFlowTests.swift */ = {isa = PBXFileReference; lastKnownFileType = sourcecode.swift; path = LandingFlowTests.swift; sourceTree = "<group>"; };
/* End PBXFileReference section */

/* Begin PBXFrameworksBuildPhase section */
		F3D75B0B25AE36DD0069862E /* Frameworks */ = {
			isa = PBXFrameworksBuildPhase;
			buildActionMask = 2147483647;
			files = (
				D014ADC4D50B074A4751B4DB /* Pods_RxShop.framework in Frameworks */,
			);
			runOnlyForDeploymentPostprocessing = 0;
		};
		F3D75B2125AE36E00069862E /* Frameworks */ = {
			isa = PBXFrameworksBuildPhase;
			buildActionMask = 2147483647;
			files = (
				3BA8AF80989CCA613B479948 /* Pods_RxShopTests.framework in Frameworks */,
			);
			runOnlyForDeploymentPostprocessing = 0;
		};
		F3D75B2C25AE36E00069862E /* Frameworks */ = {
			isa = PBXFrameworksBuildPhase;
			buildActionMask = 2147483647;
			files = (
			);
			runOnlyForDeploymentPostprocessing = 0;
		};
/* End PBXFrameworksBuildPhase section */

/* Begin PBXGroup section */
		8CC9706FD6D551D19E89028B /* Pods */ = {
			isa = PBXGroup;
			children = (
				09126B80CB7645E5F75D78AD /* Pods-RxShop.debug.xcconfig */,
				DFBBD6E89AA29394A713A5D3 /* Pods-RxShop.release.xcconfig */,
				11B551DC0569EA8FB8A00F47 /* Pods-RxShopTests.debug.xcconfig */,
				CA1B2AB9BEE17474502AD44F /* Pods-RxShopTests.release.xcconfig */,
			);
			path = Pods;
			sourceTree = "<group>";
		};
		F2D79AA42B699ABF70D9ACED /* Frameworks */ = {
			isa = PBXGroup;
			children = (
				8992105363D4D9BF6C1F9C72 /* Pods_RxShop.framework */,
				E7FE63B05B773A87258F105E /* Pods_RxShopTests.framework */,
			);
			name = Frameworks;
			sourceTree = "<group>";
		};
		F3C4A5A525B22E98002FDAFE /* Extensions */ = {
			isa = PBXGroup;
			children = (
				F3C4A5F425B6C7EC002FDAFE /* MVVM */,
				F3C4A5F525B6C7FA002FDAFE /* Rx */,
				F3C4A5F625B6C847002FDAFE /* UIKit */,
				F3C4A60225B70908002FDAFE /* Network */,
			);
			path = Extensions;
			sourceTree = "<group>";
		};
		F3C4A5AB25B22FE2002FDAFE /* Storyboards */ = {
			isa = PBXGroup;
			children = (
				F3C4A5A625B22EB4002FDAFE /* Storyboarded.swift */,
				F3C4A5AC25B22FF8002FDAFE /* Storyboard.swift */,
			);
			path = Storyboards;
			sourceTree = "<group>";
		};
		F3C4A5D525B5F104002FDAFE /* Models */ = {
			isa = PBXGroup;
			children = (
				F3C4A5D625B5F113002FDAFE /* User.swift */,
			);
			path = Models;
			sourceTree = "<group>";
		};
		F3C4A5F425B6C7EC002FDAFE /* MVVM */ = {
			isa = PBXGroup;
			children = (
				F3C4A5C225B5ECDB002FDAFE /* HasViewModel.swift */,
			);
			path = MVVM;
			sourceTree = "<group>";
		};
		F3C4A5F525B6C7FA002FDAFE /* Rx */ = {
			isa = PBXGroup;
			children = (
				F3C4A5EC25B62D57002FDAFE /* AsVoid.swift */,
				F328533625C0ADBE0054A73D /* Result.swift */,
				F328532125C065150054A73D /* UITextField+RxHelpers.swift */,
				F328532625C065720054A73D /* UIButton+RxHelpers.swift */,
			);
			path = Rx;
			sourceTree = "<group>";
		};
		F3C4A5F625B6C847002FDAFE /* UIKit */ = {
			isa = PBXGroup;
			children = (
				F3CEEE4B25BAEDEB00025635 /* UIResponder+Scene.swift */,
				F346609025C2C6D600517263 /* UIViewController+Errors.swift */,
			);
			path = UIKit;
			sourceTree = "<group>";
		};
		F3C4A60225B70908002FDAFE /* Network */ = {
			isa = PBXGroup;
			children = (
				F3C4A60325B70938002FDAFE /* Requests.swift */,
			);
			path = Network;
			sourceTree = "<group>";
		};
		F3D75B0525AE36DD0069862E = {
			isa = PBXGroup;
			children = (
				F3D75B1025AE36DD0069862E /* RxShop */,
				F3D75B2725AE36E00069862E /* RxShopTests */,
				F3D75B3225AE36E00069862E /* RxShopUITests */,
				F3D75B0F25AE36DD0069862E /* Products */,
				8CC9706FD6D551D19E89028B /* Pods */,
				F2D79AA42B699ABF70D9ACED /* Frameworks */,
			);
			sourceTree = "<group>";
		};
		F3D75B0F25AE36DD0069862E /* Products */ = {
			isa = PBXGroup;
			children = (
				F3D75B0E25AE36DD0069862E /* RxShop.app */,
				F3D75B2425AE36E00069862E /* RxShopTests.xctest */,
				F3D75B2F25AE36E00069862E /* RxShopUITests.xctest */,
			);
			name = Products;
			sourceTree = "<group>";
		};
		F3D75B1025AE36DD0069862E /* RxShop */ = {
			isa = PBXGroup;
			children = (
				F3D75B1125AE36DD0069862E /* AppDelegate.swift */,
				F3D75B1325AE36DD0069862E /* SceneDelegate.swift */,
				F3D75B4425AE37380069862E /* Scenes */,
				F3D75B4525AE37400069862E /* Common */,
				F3D75B4625AE37A60069862E /* Resources */,
			);
			path = RxShop;
			sourceTree = "<group>";
		};
		F3D75B2725AE36E00069862E /* RxShopTests */ = {
			isa = PBXGroup;
			children = (
				F3D75B2825AE36E00069862E /* RxShopTests.swift */,
				F3EC864F25BC8005002FDC4B /* LandingFlowTests.swift */,
				F3D75B2A25AE36E00069862E /* Info.plist */,
			);
			path = RxShopTests;
			sourceTree = "<group>";
		};
		F3D75B3225AE36E00069862E /* RxShopUITests */ = {
			isa = PBXGroup;
			children = (
				F3D75B3325AE36E00069862E /* RxShopUITests.swift */,
				F3D75B3525AE36E00069862E /* Info.plist */,
			);
			path = RxShopUITests;
			sourceTree = "<group>";
		};
		F3D75B4425AE37380069862E /* Scenes */ = {
			isa = PBXGroup;
			children = (
				F3D75B6625AE3CF50069862E /* Auth */,
				F3D75B6725AE3D070069862E /* Tabs */,
			);
			path = Scenes;
			sourceTree = "<group>";
		};
		F3D75B4525AE37400069862E /* Common */ = {
			isa = PBXGroup;
			children = (
				F3C4A5AB25B22FE2002FDAFE /* Storyboards */,
				F3C4A5A525B22E98002FDAFE /* Extensions */,
				F3C4A5D525B5F104002FDAFE /* Models */,
			);
			path = Common;
			sourceTree = "<group>";
		};
		F3D75B4625AE37A60069862E /* Resources */ = {
			isa = PBXGroup;
			children = (
				F3D75B1F25AE36E00069862E /* Info.plist */,
				F3D75B1C25AE36E00069862E /* LaunchScreen.storyboard */,
				F3D75B1A25AE36E00069862E /* Assets.xcassets */,
			);
			path = Resources;
			sourceTree = "<group>";
		};
		F3D75B5125AE3B040069862E /* Landing */ = {
			isa = PBXGroup;
			children = (
				F37850DF25B225CA00099AA7 /* Landing.storyboard */,
				F3C4A5D025B5EF6D002FDAFE /* LandingCoordinator.swift */,
				F3BE72CE25B893DA008FB01F /* LandingFlow.swift */,
				F3D75B5C25AE3B930069862E /* LandingViewController.swift */,
				F3D75B6125AE3BA60069862E /* LandingViewModel.swift */,
			);
			path = Landing;
			sourceTree = "<group>";
		};
		F3D75B5225AE3B0E0069862E /* SignUp */ = {
			isa = PBXGroup;
			children = (
				F37850E425B225E000099AA7 /* SignUp.storyboard */,
				F3DF9E0325BCB47E00522732 /* SignUpCoordinator.swift */,
				F3DF9E0825BCB48E00522732 /* SignUpFlow.swift */,
				F37850BE25B224E600099AA7 /* CreateAccountViewController.swift */,
				F37850C625B2252F00099AA7 /* CreateAccountViewModel.swift */,
				F37850CB25B2254F00099AA7 /* CreatePasswordViewController.swift */,
				F37850D025B2256100099AA7 /* CreatePasswordViewModel.swift */,
			);
			path = SignUp;
			sourceTree = "<group>";
		};
		F3D75B5325AE3B170069862E /* SignIn */ = {
			isa = PBXGroup;
			children = (
				F37850E925B225F200099AA7 /* SignIn.storyboard */,
				F37850D525B2258100099AA7 /* SignInViewController.swift */,
				F37850DA25B2258F00099AA7 /* SignInViewModel.swift */,
			);
			path = SignIn;
			sourceTree = "<group>";
		};
		F3D75B6625AE3CF50069862E /* Auth */ = {
			isa = PBXGroup;
			children = (
				F3C4A5DB25B5F4A8002FDAFE /* AuthCache.swift */,
				F3BE72C625B889BB008FB01F /* AuthRequests.swift */,
				F3D75B5125AE3B040069862E /* Landing */,
				F3D75B5225AE3B0E0069862E /* SignUp */,
				F3D75B5325AE3B170069862E /* SignIn */,
			);
			path = Auth;
			sourceTree = "<group>";
		};
		F3D75B6725AE3D070069862E /* Tabs */ = {
			isa = PBXGroup;
			children = (
				F3D75B6825AE3D330069862E /* TabsCoordinator.swift */,
			);
			path = Tabs;
			sourceTree = "<group>";
		};
/* End PBXGroup section */

/* Begin PBXNativeTarget section */
		F3D75B0D25AE36DD0069862E /* RxShop */ = {
			isa = PBXNativeTarget;
			buildConfigurationList = F3D75B3825AE36E00069862E /* Build configuration list for PBXNativeTarget "RxShop" */;
			buildPhases = (
				960900124CBF7C1CC21C3712 /* [CP] Check Pods Manifest.lock */,
				F3D75B0A25AE36DD0069862E /* Sources */,
				F3D75B0B25AE36DD0069862E /* Frameworks */,
				F3D75B0C25AE36DD0069862E /* Resources */,
				9E681C08175B0A6CEA2302C7 /* [CP] Embed Pods Frameworks */,
			);
			buildRules = (
			);
			dependencies = (
			);
			name = RxShop;
			productName = RxShop;
			productReference = F3D75B0E25AE36DD0069862E /* RxShop.app */;
			productType = "com.apple.product-type.application";
		};
		F3D75B2325AE36E00069862E /* RxShopTests */ = {
			isa = PBXNativeTarget;
			buildConfigurationList = F3D75B3B25AE36E00069862E /* Build configuration list for PBXNativeTarget "RxShopTests" */;
			buildPhases = (
				5092559EEB2A955658900417 /* [CP] Check Pods Manifest.lock */,
				F3D75B2025AE36E00069862E /* Sources */,
				F3D75B2125AE36E00069862E /* Frameworks */,
				F3D75B2225AE36E00069862E /* Resources */,
				BA4E7C2F8E5A693C8BDE065E /* [CP] Embed Pods Frameworks */,
			);
			buildRules = (
			);
			dependencies = (
				F3D75B2625AE36E00069862E /* PBXTargetDependency */,
			);
			name = RxShopTests;
			productName = RxShopTests;
			productReference = F3D75B2425AE36E00069862E /* RxShopTests.xctest */;
			productType = "com.apple.product-type.bundle.unit-test";
		};
		F3D75B2E25AE36E00069862E /* RxShopUITests */ = {
			isa = PBXNativeTarget;
			buildConfigurationList = F3D75B3E25AE36E00069862E /* Build configuration list for PBXNativeTarget "RxShopUITests" */;
			buildPhases = (
				F3D75B2B25AE36E00069862E /* Sources */,
				F3D75B2C25AE36E00069862E /* Frameworks */,
				F3D75B2D25AE36E00069862E /* Resources */,
			);
			buildRules = (
			);
			dependencies = (
				F3D75B3125AE36E00069862E /* PBXTargetDependency */,
			);
			name = RxShopUITests;
			productName = RxShopUITests;
			productReference = F3D75B2F25AE36E00069862E /* RxShopUITests.xctest */;
			productType = "com.apple.product-type.bundle.ui-testing";
		};
/* End PBXNativeTarget section */

/* Begin PBXProject section */
		F3D75B0625AE36DD0069862E /* Project object */ = {
			isa = PBXProject;
			attributes = {
				LastSwiftUpdateCheck = 1230;
				LastUpgradeCheck = 1230;
				TargetAttributes = {
					F3D75B0D25AE36DD0069862E = {
						CreatedOnToolsVersion = 12.3;
					};
					F3D75B2325AE36E00069862E = {
						CreatedOnToolsVersion = 12.3;
						TestTargetID = F3D75B0D25AE36DD0069862E;
					};
					F3D75B2E25AE36E00069862E = {
						CreatedOnToolsVersion = 12.3;
						TestTargetID = F3D75B0D25AE36DD0069862E;
					};
				};
			};
			buildConfigurationList = F3D75B0925AE36DD0069862E /* Build configuration list for PBXProject "RxShop" */;
			compatibilityVersion = "Xcode 9.3";
			developmentRegion = en;
			hasScannedForEncodings = 0;
			knownRegions = (
				en,
				Base,
			);
			mainGroup = F3D75B0525AE36DD0069862E;
			productRefGroup = F3D75B0F25AE36DD0069862E /* Products */;
			projectDirPath = "";
			projectRoot = "";
			targets = (
				F3D75B0D25AE36DD0069862E /* RxShop */,
				F3D75B2325AE36E00069862E /* RxShopTests */,
				F3D75B2E25AE36E00069862E /* RxShopUITests */,
			);
		};
/* End PBXProject section */

/* Begin PBXResourcesBuildPhase section */
		F3D75B0C25AE36DD0069862E /* Resources */ = {
			isa = PBXResourcesBuildPhase;
			buildActionMask = 2147483647;
			files = (
				F3D75B1E25AE36E00069862E /* LaunchScreen.storyboard in Resources */,
				F3D75B1B25AE36E00069862E /* Assets.xcassets in Resources */,
				F37850E025B225CA00099AA7 /* Landing.storyboard in Resources */,
				F37850EA25B225F200099AA7 /* SignIn.storyboard in Resources */,
				F37850E525B225E000099AA7 /* SignUp.storyboard in Resources */,
			);
			runOnlyForDeploymentPostprocessing = 0;
		};
		F3D75B2225AE36E00069862E /* Resources */ = {
			isa = PBXResourcesBuildPhase;
			buildActionMask = 2147483647;
			files = (
			);
			runOnlyForDeploymentPostprocessing = 0;
		};
		F3D75B2D25AE36E00069862E /* Resources */ = {
			isa = PBXResourcesBuildPhase;
			buildActionMask = 2147483647;
			files = (
			);
			runOnlyForDeploymentPostprocessing = 0;
		};
/* End PBXResourcesBuildPhase section */

/* Begin PBXShellScriptBuildPhase section */
		5092559EEB2A955658900417 /* [CP] Check Pods Manifest.lock */ = {
			isa = PBXShellScriptBuildPhase;
			buildActionMask = 2147483647;
			files = (
			);
			inputFileListPaths = (
			);
			inputPaths = (
				"${PODS_PODFILE_DIR_PATH}/Podfile.lock",
				"${PODS_ROOT}/Manifest.lock",
			);
			name = "[CP] Check Pods Manifest.lock";
			outputFileListPaths = (
			);
			outputPaths = (
				"$(DERIVED_FILE_DIR)/Pods-RxShopTests-checkManifestLockResult.txt",
			);
			runOnlyForDeploymentPostprocessing = 0;
			shellPath = /bin/sh;
			shellScript = "diff \"${PODS_PODFILE_DIR_PATH}/Podfile.lock\" \"${PODS_ROOT}/Manifest.lock\" > /dev/null\nif [ $? != 0 ] ; then\n    # print error to STDERR\n    echo \"error: The sandbox is not in sync with the Podfile.lock. Run 'pod install' or update your CocoaPods installation.\" >&2\n    exit 1\nfi\n# This output is used by Xcode 'outputs' to avoid re-running this script phase.\necho \"SUCCESS\" > \"${SCRIPT_OUTPUT_FILE_0}\"\n";
			showEnvVarsInLog = 0;
		};
		960900124CBF7C1CC21C3712 /* [CP] Check Pods Manifest.lock */ = {
			isa = PBXShellScriptBuildPhase;
			buildActionMask = 2147483647;
			files = (
			);
			inputFileListPaths = (
			);
			inputPaths = (
				"${PODS_PODFILE_DIR_PATH}/Podfile.lock",
				"${PODS_ROOT}/Manifest.lock",
			);
			name = "[CP] Check Pods Manifest.lock";
			outputFileListPaths = (
			);
			outputPaths = (
				"$(DERIVED_FILE_DIR)/Pods-RxShop-checkManifestLockResult.txt",
			);
			runOnlyForDeploymentPostprocessing = 0;
			shellPath = /bin/sh;
			shellScript = "diff \"${PODS_PODFILE_DIR_PATH}/Podfile.lock\" \"${PODS_ROOT}/Manifest.lock\" > /dev/null\nif [ $? != 0 ] ; then\n    # print error to STDERR\n    echo \"error: The sandbox is not in sync with the Podfile.lock. Run 'pod install' or update your CocoaPods installation.\" >&2\n    exit 1\nfi\n# This output is used by Xcode 'outputs' to avoid re-running this script phase.\necho \"SUCCESS\" > \"${SCRIPT_OUTPUT_FILE_0}\"\n";
			showEnvVarsInLog = 0;
		};
		9E681C08175B0A6CEA2302C7 /* [CP] Embed Pods Frameworks */ = {
			isa = PBXShellScriptBuildPhase;
			buildActionMask = 2147483647;
			files = (
			);
			inputFileListPaths = (
				"${PODS_ROOT}/Target Support Files/Pods-RxShop/Pods-RxShop-frameworks-${CONFIGURATION}-input-files.xcfilelist",
			);
			name = "[CP] Embed Pods Frameworks";
			outputFileListPaths = (
				"${PODS_ROOT}/Target Support Files/Pods-RxShop/Pods-RxShop-frameworks-${CONFIGURATION}-output-files.xcfilelist",
			);
			runOnlyForDeploymentPostprocessing = 0;
			shellPath = /bin/sh;
			shellScript = "\"${PODS_ROOT}/Target Support Files/Pods-RxShop/Pods-RxShop-frameworks.sh\"\n";
			showEnvVarsInLog = 0;
		};
		BA4E7C2F8E5A693C8BDE065E /* [CP] Embed Pods Frameworks */ = {
			isa = PBXShellScriptBuildPhase;
			buildActionMask = 2147483647;
			files = (
			);
			inputFileListPaths = (
				"${PODS_ROOT}/Target Support Files/Pods-RxShopTests/Pods-RxShopTests-frameworks-${CONFIGURATION}-input-files.xcfilelist",
			);
			name = "[CP] Embed Pods Frameworks";
			outputFileListPaths = (
				"${PODS_ROOT}/Target Support Files/Pods-RxShopTests/Pods-RxShopTests-frameworks-${CONFIGURATION}-output-files.xcfilelist",
			);
			runOnlyForDeploymentPostprocessing = 0;
			shellPath = /bin/sh;
			shellScript = "\"${PODS_ROOT}/Target Support Files/Pods-RxShopTests/Pods-RxShopTests-frameworks.sh\"\n";
			showEnvVarsInLog = 0;
		};
/* End PBXShellScriptBuildPhase section */

/* Begin PBXSourcesBuildPhase section */
		F3D75B0A25AE36DD0069862E /* Sources */ = {
			isa = PBXSourcesBuildPhase;
			buildActionMask = 2147483647;
			files = (
				F37850BF25B224E600099AA7 /* CreateAccountViewController.swift in Sources */,
				F346609125C2C6D600517263 /* UIViewController+Errors.swift in Sources */,
				F3C4A5DC25B5F4A8002FDAFE /* AuthCache.swift in Sources */,
				F3C4A5C325B5ECDB002FDAFE /* HasViewModel.swift in Sources */,
				F3D75B1225AE36DD0069862E /* AppDelegate.swift in Sources */,
				F3DF9E0925BCB48E00522732 /* SignUpFlow.swift in Sources */,
				F37850DB25B2258F00099AA7 /* SignInViewModel.swift in Sources */,
				F3D75B6925AE3D330069862E /* TabsCoordinator.swift in Sources */,
				F3C4A5D125B5EF6D002FDAFE /* LandingCoordinator.swift in Sources */,
				F328532225C065150054A73D /* UITextField+RxHelpers.swift in Sources */,
				F3BE72C725B889BB008FB01F /* AuthRequests.swift in Sources */,
				F3CEEE4C25BAEDEB00025635 /* UIResponder+Scene.swift in Sources */,
				F3C4A5D725B5F113002FDAFE /* User.swift in Sources */,
				F3C4A5A725B22EB5002FDAFE /* Storyboarded.swift in Sources */,
				F3C4A5AD25B22FF8002FDAFE /* Storyboard.swift in Sources */,
				F3D75B5D25AE3B930069862E /* LandingViewController.swift in Sources */,
				F37850D125B2256100099AA7 /* CreatePasswordViewModel.swift in Sources */,
				F3C4A60425B70938002FDAFE /* Requests.swift in Sources */,
				F328533725C0ADBE0054A73D /* Result.swift in Sources */,
				F3D75B6225AE3BA60069862E /* LandingViewModel.swift in Sources */,
				F37850D625B2258100099AA7 /* SignInViewController.swift in Sources */,
				F37850C725B2252F00099AA7 /* CreateAccountViewModel.swift in Sources */,
				F3D75B1425AE36DD0069862E /* SceneDelegate.swift in Sources */,
				F3DF9E0425BCB47E00522732 /* SignUpCoordinator.swift in Sources */,
				F37850CC25B2254F00099AA7 /* CreatePasswordViewController.swift in Sources */,
				F328532725C065720054A73D /* UIButton+RxHelpers.swift in Sources */,
				F3C4A5ED25B62D57002FDAFE /* AsVoid.swift in Sources */,
				F3BE72CF25B893DA008FB01F /* LandingFlow.swift in Sources */,
			);
			runOnlyForDeploymentPostprocessing = 0;
		};
		F3D75B2025AE36E00069862E /* Sources */ = {
			isa = PBXSourcesBuildPhase;
			buildActionMask = 2147483647;
			files = (
				F3D75B2925AE36E00069862E /* RxShopTests.swift in Sources */,
				F3EC865025BC8005002FDC4B /* LandingFlowTests.swift in Sources */,
			);
			runOnlyForDeploymentPostprocessing = 0;
		};
		F3D75B2B25AE36E00069862E /* Sources */ = {
			isa = PBXSourcesBuildPhase;
			buildActionMask = 2147483647;
			files = (
				F3D75B3425AE36E00069862E /* RxShopUITests.swift in Sources */,
			);
			runOnlyForDeploymentPostprocessing = 0;
		};
/* End PBXSourcesBuildPhase section */

/* Begin PBXTargetDependency section */
		F3D75B2625AE36E00069862E /* PBXTargetDependency */ = {
			isa = PBXTargetDependency;
			target = F3D75B0D25AE36DD0069862E /* RxShop */;
			targetProxy = F3D75B2525AE36E00069862E /* PBXContainerItemProxy */;
		};
		F3D75B3125AE36E00069862E /* PBXTargetDependency */ = {
			isa = PBXTargetDependency;
			target = F3D75B0D25AE36DD0069862E /* RxShop */;
			targetProxy = F3D75B3025AE36E00069862E /* PBXContainerItemProxy */;
		};
/* End PBXTargetDependency section */

/* Begin PBXVariantGroup section */
		F3D75B1C25AE36E00069862E /* LaunchScreen.storyboard */ = {
			isa = PBXVariantGroup;
			children = (
				F3D75B1D25AE36E00069862E /* Base */,
			);
			name = LaunchScreen.storyboard;
			sourceTree = "<group>";
		};
/* End PBXVariantGroup section */

/* Begin XCBuildConfiguration section */
		F3D75B3625AE36E00069862E /* Debug */ = {
			isa = XCBuildConfiguration;
			buildSettings = {
				ALWAYS_SEARCH_USER_PATHS = NO;
				CLANG_ANALYZER_NONNULL = YES;
				CLANG_ANALYZER_NUMBER_OBJECT_CONVERSION = YES_AGGRESSIVE;
				CLANG_CXX_LANGUAGE_STANDARD = "gnu++14";
				CLANG_CXX_LIBRARY = "libc++";
				CLANG_ENABLE_MODULES = YES;
				CLANG_ENABLE_OBJC_ARC = YES;
				CLANG_ENABLE_OBJC_WEAK = YES;
				CLANG_WARN_BLOCK_CAPTURE_AUTORELEASING = YES;
				CLANG_WARN_BOOL_CONVERSION = YES;
				CLANG_WARN_COMMA = YES;
				CLANG_WARN_CONSTANT_CONVERSION = YES;
				CLANG_WARN_DEPRECATED_OBJC_IMPLEMENTATIONS = YES;
				CLANG_WARN_DIRECT_OBJC_ISA_USAGE = YES_ERROR;
				CLANG_WARN_DOCUMENTATION_COMMENTS = YES;
				CLANG_WARN_EMPTY_BODY = YES;
				CLANG_WARN_ENUM_CONVERSION = YES;
				CLANG_WARN_INFINITE_RECURSION = YES;
				CLANG_WARN_INT_CONVERSION = YES;
				CLANG_WARN_NON_LITERAL_NULL_CONVERSION = YES;
				CLANG_WARN_OBJC_IMPLICIT_RETAIN_SELF = YES;
				CLANG_WARN_OBJC_LITERAL_CONVERSION = YES;
				CLANG_WARN_OBJC_ROOT_CLASS = YES_ERROR;
				CLANG_WARN_QUOTED_INCLUDE_IN_FRAMEWORK_HEADER = YES;
				CLANG_WARN_RANGE_LOOP_ANALYSIS = YES;
				CLANG_WARN_STRICT_PROTOTYPES = YES;
				CLANG_WARN_SUSPICIOUS_MOVE = YES;
				CLANG_WARN_UNGUARDED_AVAILABILITY = YES_AGGRESSIVE;
				CLANG_WARN_UNREACHABLE_CODE = YES;
				CLANG_WARN__DUPLICATE_METHOD_MATCH = YES;
				COPY_PHASE_STRIP = NO;
				DEBUG_INFORMATION_FORMAT = dwarf;
				ENABLE_STRICT_OBJC_MSGSEND = YES;
				ENABLE_TESTABILITY = YES;
				GCC_C_LANGUAGE_STANDARD = gnu11;
				GCC_DYNAMIC_NO_PIC = NO;
				GCC_NO_COMMON_BLOCKS = YES;
				GCC_OPTIMIZATION_LEVEL = 0;
				GCC_PREPROCESSOR_DEFINITIONS = (
					"DEBUG=1",
					"$(inherited)",
				);
				GCC_WARN_64_TO_32_BIT_CONVERSION = YES;
				GCC_WARN_ABOUT_RETURN_TYPE = YES_ERROR;
				GCC_WARN_UNDECLARED_SELECTOR = YES;
				GCC_WARN_UNINITIALIZED_AUTOS = YES_AGGRESSIVE;
				GCC_WARN_UNUSED_FUNCTION = YES;
				GCC_WARN_UNUSED_VARIABLE = YES;
				IPHONEOS_DEPLOYMENT_TARGET = 14.3;
				MTL_ENABLE_DEBUG_INFO = INCLUDE_SOURCE;
				MTL_FAST_MATH = YES;
				ONLY_ACTIVE_ARCH = YES;
				SDKROOT = iphoneos;
				SWIFT_ACTIVE_COMPILATION_CONDITIONS = DEBUG;
				SWIFT_OPTIMIZATION_LEVEL = "-Onone";
			};
			name = Debug;
		};
		F3D75B3725AE36E00069862E /* Release */ = {
			isa = XCBuildConfiguration;
			buildSettings = {
				ALWAYS_SEARCH_USER_PATHS = NO;
				CLANG_ANALYZER_NONNULL = YES;
				CLANG_ANALYZER_NUMBER_OBJECT_CONVERSION = YES_AGGRESSIVE;
				CLANG_CXX_LANGUAGE_STANDARD = "gnu++14";
				CLANG_CXX_LIBRARY = "libc++";
				CLANG_ENABLE_MODULES = YES;
				CLANG_ENABLE_OBJC_ARC = YES;
				CLANG_ENABLE_OBJC_WEAK = YES;
				CLANG_WARN_BLOCK_CAPTURE_AUTORELEASING = YES;
				CLANG_WARN_BOOL_CONVERSION = YES;
				CLANG_WARN_COMMA = YES;
				CLANG_WARN_CONSTANT_CONVERSION = YES;
				CLANG_WARN_DEPRECATED_OBJC_IMPLEMENTATIONS = YES;
				CLANG_WARN_DIRECT_OBJC_ISA_USAGE = YES_ERROR;
				CLANG_WARN_DOCUMENTATION_COMMENTS = YES;
				CLANG_WARN_EMPTY_BODY = YES;
				CLANG_WARN_ENUM_CONVERSION = YES;
				CLANG_WARN_INFINITE_RECURSION = YES;
				CLANG_WARN_INT_CONVERSION = YES;
				CLANG_WARN_NON_LITERAL_NULL_CONVERSION = YES;
				CLANG_WARN_OBJC_IMPLICIT_RETAIN_SELF = YES;
				CLANG_WARN_OBJC_LITERAL_CONVERSION = YES;
				CLANG_WARN_OBJC_ROOT_CLASS = YES_ERROR;
				CLANG_WARN_QUOTED_INCLUDE_IN_FRAMEWORK_HEADER = YES;
				CLANG_WARN_RANGE_LOOP_ANALYSIS = YES;
				CLANG_WARN_STRICT_PROTOTYPES = YES;
				CLANG_WARN_SUSPICIOUS_MOVE = YES;
				CLANG_WARN_UNGUARDED_AVAILABILITY = YES_AGGRESSIVE;
				CLANG_WARN_UNREACHABLE_CODE = YES;
				CLANG_WARN__DUPLICATE_METHOD_MATCH = YES;
				COPY_PHASE_STRIP = NO;
				DEBUG_INFORMATION_FORMAT = "dwarf-with-dsym";
				ENABLE_NS_ASSERTIONS = NO;
				ENABLE_STRICT_OBJC_MSGSEND = YES;
				GCC_C_LANGUAGE_STANDARD = gnu11;
				GCC_NO_COMMON_BLOCKS = YES;
				GCC_WARN_64_TO_32_BIT_CONVERSION = YES;
				GCC_WARN_ABOUT_RETURN_TYPE = YES_ERROR;
				GCC_WARN_UNDECLARED_SELECTOR = YES;
				GCC_WARN_UNINITIALIZED_AUTOS = YES_AGGRESSIVE;
				GCC_WARN_UNUSED_FUNCTION = YES;
				GCC_WARN_UNUSED_VARIABLE = YES;
				IPHONEOS_DEPLOYMENT_TARGET = 14.3;
				MTL_ENABLE_DEBUG_INFO = NO;
				MTL_FAST_MATH = YES;
				SDKROOT = iphoneos;
				SWIFT_COMPILATION_MODE = wholemodule;
				SWIFT_OPTIMIZATION_LEVEL = "-O";
				VALIDATE_PRODUCT = YES;
			};
			name = Release;
		};
		F3D75B3925AE36E00069862E /* Debug */ = {
			isa = XCBuildConfiguration;
			baseConfigurationReference = 09126B80CB7645E5F75D78AD /* Pods-RxShop.debug.xcconfig */;
			buildSettings = {
				ASSETCATALOG_COMPILER_APPICON_NAME = AppIcon;
				ASSETCATALOG_COMPILER_GLOBAL_ACCENT_COLOR_NAME = AccentColor;
				CODE_SIGN_STYLE = Automatic;
				DEVELOPMENT_TEAM = 9ZR496RB3Q;
				INFOPLIST_FILE = RxShop/Resources/Info.plist;
				LD_RUNPATH_SEARCH_PATHS = (
					"$(inherited)",
					"@executable_path/Frameworks",
				);
				PRODUCT_BUNDLE_IDENTIFIER = com.madebyhive.RxShop;
				PRODUCT_NAME = "$(TARGET_NAME)";
				SWIFT_VERSION = 5.0;
				TARGETED_DEVICE_FAMILY = "1,2";
			};
			name = Debug;
		};
		F3D75B3A25AE36E00069862E /* Release */ = {
			isa = XCBuildConfiguration;
			baseConfigurationReference = DFBBD6E89AA29394A713A5D3 /* Pods-RxShop.release.xcconfig */;
			buildSettings = {
				ASSETCATALOG_COMPILER_APPICON_NAME = AppIcon;
				ASSETCATALOG_COMPILER_GLOBAL_ACCENT_COLOR_NAME = AccentColor;
				CODE_SIGN_STYLE = Automatic;
				DEVELOPMENT_TEAM = 9ZR496RB3Q;
				INFOPLIST_FILE = RxShop/Resources/Info.plist;
				LD_RUNPATH_SEARCH_PATHS = (
					"$(inherited)",
					"@executable_path/Frameworks",
				);
				PRODUCT_BUNDLE_IDENTIFIER = com.madebyhive.RxShop;
				PRODUCT_NAME = "$(TARGET_NAME)";
				SWIFT_VERSION = 5.0;
				TARGETED_DEVICE_FAMILY = "1,2";
			};
			name = Release;
		};
		F3D75B3C25AE36E00069862E /* Debug */ = {
			isa = XCBuildConfiguration;
			baseConfigurationReference = 11B551DC0569EA8FB8A00F47 /* Pods-RxShopTests.debug.xcconfig */;
			buildSettings = {
				ALWAYS_EMBED_SWIFT_STANDARD_LIBRARIES = YES;
				BUNDLE_LOADER = "$(TEST_HOST)";
				CODE_SIGN_STYLE = Automatic;
				DEVELOPMENT_TEAM = 9ZR496RB3Q;
				INFOPLIST_FILE = RxShopTests/Info.plist;
				IPHONEOS_DEPLOYMENT_TARGET = 14.3;
				LD_RUNPATH_SEARCH_PATHS = (
					"$(inherited)",
					"@executable_path/Frameworks",
					"@loader_path/Frameworks",
				);
				PRODUCT_BUNDLE_IDENTIFIER = com.madebyhive.RxShopTests;
				PRODUCT_NAME = "$(TARGET_NAME)";
				SWIFT_VERSION = 5.0;
				TARGETED_DEVICE_FAMILY = "1,2";
				TEST_HOST = "$(BUILT_PRODUCTS_DIR)/RxShop.app/RxShop";
			};
			name = Debug;
		};
		F3D75B3D25AE36E00069862E /* Release */ = {
			isa = XCBuildConfiguration;
			baseConfigurationReference = CA1B2AB9BEE17474502AD44F /* Pods-RxShopTests.release.xcconfig */;
			buildSettings = {
				ALWAYS_EMBED_SWIFT_STANDARD_LIBRARIES = YES;
				BUNDLE_LOADER = "$(TEST_HOST)";
				CODE_SIGN_STYLE = Automatic;
				DEVELOPMENT_TEAM = 9ZR496RB3Q;
				INFOPLIST_FILE = RxShopTests/Info.plist;
				IPHONEOS_DEPLOYMENT_TARGET = 14.3;
				LD_RUNPATH_SEARCH_PATHS = (
					"$(inherited)",
					"@executable_path/Frameworks",
					"@loader_path/Frameworks",
				);
				PRODUCT_BUNDLE_IDENTIFIER = com.madebyhive.RxShopTests;
				PRODUCT_NAME = "$(TARGET_NAME)";
				SWIFT_VERSION = 5.0;
				TARGETED_DEVICE_FAMILY = "1,2";
				TEST_HOST = "$(BUILT_PRODUCTS_DIR)/RxShop.app/RxShop";
			};
			name = Release;
		};
		F3D75B3F25AE36E00069862E /* Debug */ = {
			isa = XCBuildConfiguration;
			buildSettings = {
				ALWAYS_EMBED_SWIFT_STANDARD_LIBRARIES = YES;
				CODE_SIGN_STYLE = Automatic;
				DEVELOPMENT_TEAM = 9ZR496RB3Q;
				INFOPLIST_FILE = RxShopUITests/Info.plist;
				LD_RUNPATH_SEARCH_PATHS = (
					"$(inherited)",
					"@executable_path/Frameworks",
					"@loader_path/Frameworks",
				);
				PRODUCT_BUNDLE_IDENTIFIER = com.madebyhive.RxShopUITests;
				PRODUCT_NAME = "$(TARGET_NAME)";
				SWIFT_VERSION = 5.0;
				TARGETED_DEVICE_FAMILY = "1,2";
				TEST_TARGET_NAME = RxShop;
			};
			name = Debug;
		};
		F3D75B4025AE36E00069862E /* Release */ = {
			isa = XCBuildConfiguration;
			buildSettings = {
				ALWAYS_EMBED_SWIFT_STANDARD_LIBRARIES = YES;
				CODE_SIGN_STYLE = Automatic;
				DEVELOPMENT_TEAM = 9ZR496RB3Q;
				INFOPLIST_FILE = RxShopUITests/Info.plist;
				LD_RUNPATH_SEARCH_PATHS = (
					"$(inherited)",
					"@executable_path/Frameworks",
					"@loader_path/Frameworks",
				);
				PRODUCT_BUNDLE_IDENTIFIER = com.madebyhive.RxShopUITests;
				PRODUCT_NAME = "$(TARGET_NAME)";
				SWIFT_VERSION = 5.0;
				TARGETED_DEVICE_FAMILY = "1,2";
				TEST_TARGET_NAME = RxShop;
			};
			name = Release;
		};
/* End XCBuildConfiguration section */

/* Begin XCConfigurationList section */
		F3D75B0925AE36DD0069862E /* Build configuration list for PBXProject "RxShop" */ = {
			isa = XCConfigurationList;
			buildConfigurations = (
				F3D75B3625AE36E00069862E /* Debug */,
				F3D75B3725AE36E00069862E /* Release */,
			);
			defaultConfigurationIsVisible = 0;
			defaultConfigurationName = Release;
		};
		F3D75B3825AE36E00069862E /* Build configuration list for PBXNativeTarget "RxShop" */ = {
			isa = XCConfigurationList;
			buildConfigurations = (
				F3D75B3925AE36E00069862E /* Debug */,
				F3D75B3A25AE36E00069862E /* Release */,
			);
			defaultConfigurationIsVisible = 0;
			defaultConfigurationName = Release;
		};
		F3D75B3B25AE36E00069862E /* Build configuration list for PBXNativeTarget "RxShopTests" */ = {
			isa = XCConfigurationList;
			buildConfigurations = (
				F3D75B3C25AE36E00069862E /* Debug */,
				F3D75B3D25AE36E00069862E /* Release */,
			);
			defaultConfigurationIsVisible = 0;
			defaultConfigurationName = Release;
		};
		F3D75B3E25AE36E00069862E /* Build configuration list for PBXNativeTarget "RxShopUITests" */ = {
			isa = XCConfigurationList;
			buildConfigurations = (
				F3D75B3F25AE36E00069862E /* Debug */,
				F3D75B4025AE36E00069862E /* Release */,
			);
			defaultConfigurationIsVisible = 0;
			defaultConfigurationName = Release;
		};
/* End XCConfigurationList section */
	};
	rootObject = F3D75B0625AE36DD0069862E /* Project object */;
}
